<?xml version="1.0" encoding="utf-8"?>
<Project ToolsVersion="4.0" xmlns="http://schemas.microsoft.com/developer/msbuild/2003">
  <ItemGroup>
    <Filter Include="Source Files">
      <UniqueIdentifier>{4FC737F1-C7A5-4376-A066-2A32D752A2FF}</UniqueIdentifier>
      <Extensions>cpp;c;cc;cxx;c++;cppm;ixx;def;odl;idl;hpj;bat;asm;asmx</Extensions>
    </Filter>
    <Filter Include="Header Files">
      <UniqueIdentifier>{93995380-89BD-4b04-88EB-625FBE52EBFB}</UniqueIdentifier>
      <Extensions>h;hh;hpp;hxx;h++;hm;inl;inc;ipp;xsd</Extensions>
    </Filter>
    <Filter Include="Resource Files">
      <UniqueIdentifier>{67DA6AB6-F800-4c08-8B7A-83BB121AAD01}</UniqueIdentifier>
      <Extensions>rc;ico;cur;bmp;dlg;rc2;rct;bin;rgs;gif;jpg;jpeg;jpe;resx;tiff;tif;png;wav;mfcribbon-ms</Extensions>
    </Filter>
  </ItemGroup>
  <ItemGroup>
    <ClCompile Include="src\main.cpp">
      <Filter>Source Files</Filter>
    </ClCompile>
    <ClCompile Include="src\camera.cpp">
      <Filter>Source Files</Filter>
    </ClCompile>
    <ClCompile Include="src\window.cpp">
      <Filter>Source Files</Filter>
    </ClCompile>
    <ClCompile Include="src\level_renderer.h">
      <Filter>Source Files</Filter>
    </ClCompile>
    <ClCompile Include="src\level_renderer.cpp">
      <Filter>Source Files</Filter>
    </ClCompile>
    <ClCompile Include="src\chunk.cpp">
      <Filter>Source Files</Filter>
    </ClCompile>
    <ClCompile Include="src\level.cpp">
      <Filter>Source Files</Filter>
    </ClCompile>
    <ClCompile Include="src\log.cpp">
      <Filter>Source Files</Filter>
    </ClCompile>
    <ClCompile Include="src\shader.cpp">
      <Filter>Source Files</Filter>
    </ClCompile>
    <ClCompile Include="src\file_util.cpp">
      <Filter>Source Files</Filter>
    </ClCompile>
    <ClCompile Include="src\texture.cpp">
      <Filter>Source Files</Filter>
    </ClCompile>
    <ClCompile Include="src\player.cpp">
      <Filter>Source Files</Filter>
    </ClCompile>
    <ClCompile Include="src\frustum.cpp">
      <Filter>Source Files</Filter>
    </ClCompile>
    <ClCompile Include="src\game.cpp">
      <Filter>Source Files</Filter>
    </ClCompile>
    <ClCompile Include="src\skybox.cpp">
      <Filter>Source Files</Filter>
    </ClCompile>
    <ClCompile Include="src\plane_mesh.cpp">
      <Filter>Source Files</Filter>
    </ClCompile>
    <ClCompile Include="src\bounding_box.cpp">
      <Filter>Source Files</Filter>
    </ClCompile>
    <ClCompile Include="src\texture_array.cpp">
      <Filter>Source Files</Filter>
    </ClCompile>
    <ClCompile Include="src\scope_timer.cpp">
      <Filter>Source Files</Filter>
    </ClCompile>
    <ClCompile Include="src\compress.cpp">
      <Filter>Source Files</Filter>
    </ClCompile>
    <ClCompile Include="src\basic_terrain_generator.cpp">
      <Filter>Source Files</Filter>
    </ClCompile>
    <ClCompile Include="src\noise_generator_improved.cpp">
      <Filter>Source Files</Filter>
    </ClCompile>
    <ClCompile Include="src\noise_generator_octaves.cpp">
      <Filter>Source Files</Filter>
    </ClCompile>
    <ClCompile Include="src\fast_noise.cpp">
      <Filter>Source Files</Filter>
    </ClCompile>
    <ClCompile Include="src\default_chunk_renderer_container_provider.cpp">
      <Filter>Source Files</Filter>
    </ClCompile>
    <ClCompile Include="src\chunk_primer.cpp">
      <Filter>Source Files</Filter>
    </ClCompile>
    <ClCompile Include="src\chunk_section.cpp">
      <Filter>Source Files</Filter>
    </ClCompile>
    <ClCompile Include="src\chunk_renderer_container.cpp">
      <Filter>Source Files</Filter>
    </ClCompile>
    <ClCompile Include="src\text_renderer.cpp">
      <Filter>Source Files</Filter>
    </ClCompile>
    <ClCompile Include="src\imgui_manager.cpp">
      <Filter>Source Files</Filter>
    </ClCompile>
    <ClCompile Include="src\imgui_impl_opengl3.cpp">
      <Filter>Source Files</Filter>
    </ClCompile>
    <ClCompile Include="src\scene_manager.cpp">
      <Filter>Source Files</Filter>
    </ClCompile>
    <ClCompile Include="src\in_game_scene.cpp">
      <Filter>Source Files</Filter>
    </ClCompile>
    <ClCompile Include="src\block_entity.cpp">
      <Filter>Source Files</Filter>
    </ClCompile>
    <ClCompile Include="src\byte_buffer.cpp">
      <Filter>Source Files</Filter>
    </ClCompile>
    <ClCompile Include="src\block.cpp">
      <Filter>Source Files</Filter>
    </ClCompile>
    <ClCompile Include="src\block_entity_test.cpp">
      <Filter>Source Files</Filter>
    </ClCompile>
    <ClCompile Include="src\chunk_data_pool.cpp">
      <Filter>Source Files</Filter>
    </ClCompile>
    <ClCompile Include="src\mesh.cpp">
      <Filter>Source Files</Filter>
    </ClCompile>
    <ClCompile Include="src\gl_error_check.cpp">
      <Filter>Source Files</Filter>
    </ClCompile>
    <ClCompile Include="src\array_pool.cpp">
      <Filter>Source Files</Filter>
    </ClCompile>
    <ClCompile Include="src\texture_atlas_stitcher.cpp">
      <Filter>Source Files</Filter>
    </ClCompile>
    <ClCompile Include="src\asset_manager.cpp">
      <Filter>Source Files</Filter>
    </ClCompile>
    <ClCompile Include="src\framebuffer.cpp">
      <Filter>Source Files</Filter>
    </ClCompile>
    <ClCompile Include="src\renderer\default\default_render_pipeline.cpp">
      <Filter>Source Files</Filter>
    </ClCompile>
    <ClCompile Include="src\renderer\material.cpp">
      <Filter>Source Files</Filter>
    </ClCompile>
    <ClCompile Include="src\renderer\render_pass.cpp">
      <Filter>Source Files</Filter>
    </ClCompile>
    <ClCompile Include="src\renderer\render_state.cpp">
      <Filter>Source Files</Filter>
    </ClCompile>
    <ClCompile Include="src\renderer\default\opaque_render_pass.cpp">
      <Filter>Source Files</Filter>
    </ClCompile>
    <ClCompile Include="src\renderer\batched_render_pass.cpp">
      <Filter>Source Files</Filter>
    </ClCompile>
    <ClCompile Include="src\renderer\command\mesh_render_command.cpp">
      <Filter>Source Files</Filter>
    </ClCompile>
    <ClCompile Include="src\renderer\render_pipeline.cpp">
      <Filter>Source Files</Filter>
    </ClCompile>
    <ClCompile Include="src\renderer\command\render_command_variant.cpp">
      <Filter>Source Files</Filter>
    </ClCompile>
    <ClCompile Include="src\shader_preprocessor.cpp">
      <Filter>Source Files</Filter>
    </ClCompile>
    <ClCompile Include="src\default_block_texture_provider.cpp">
      <Filter>Source Files</Filter>
    </ClCompile>
    <ClCompile Include="src\opengl_debug.cpp">
      <Filter>Source Files</Filter>
    </ClCompile>
    <ClCompile Include="src\ssbo.cpp">
      <Filter>Source Files</Filter>
    </ClCompile>
    <ClCompile Include="src\gui\gui_element.cpp">
      <Filter>Source Files</Filter>
    </ClCompile>
    <ClCompile Include="src\gui\gui_panel_colored.cpp">
      <Filter>Source Files</Filter>
    </ClCompile>
    <ClCompile Include="src\gui\scaled_resolution.cpp">
      <Filter>Source Files</Filter>
    </ClCompile>
    <ClCompile Include="src\renderer\command\mesh_render_command_colored.cpp">
      <Filter>Source Files</Filter>
    </ClCompile>
    <ClCompile Include="src\renderer\depth_sorted_render_pass.cpp">
      <Filter>Source Files</Filter>
    </ClCompile>
    <ClCompile Include="src\renderer\default\translucent_render_pass.cpp">
      <Filter>Source Files</Filter>
    </ClCompile>
    <ClCompile Include="src\game_time.cpp">
      <Filter>Source Files</Filter>
    </ClCompile>
    <ClCompile Include="src\renderer\default\ssr_render_pass.cpp">
      <Filter>Source Files</Filter>
    </ClCompile>
    <ClCompile Include="src\renderer\frame_buffer_render_pass.cpp">
      <Filter>Source Files</Filter>
    </ClCompile>
    <ClCompile Include="src\quadtree_node.cpp">
      <Filter>Source Files</Filter>
    </ClCompile>
    <ClCompile Include="src\quadtree_manager.cpp">
      <Filter>Source Files</Filter>
    </ClCompile>
  </ItemGroup>
  <ItemGroup>
    <ClInclude Include="src\camera.h">
      <Filter>Header Files</Filter>
    </ClInclude>
    <ClInclude Include="src\window.h">
      <Filter>Header Files</Filter>
    </ClInclude>
    <ClInclude Include="src\chunk.h">
      <Filter>Header Files</Filter>
    </ClInclude>
    <ClInclude Include="src\block.h">
      <Filter>Header Files</Filter>
    </ClInclude>
    <ClInclude Include="src\chunk_position.h">
      <Filter>Header Files</Filter>
    </ClInclude>
    <ClInclude Include="src\level.h">
      <Filter>Header Files</Filter>
    </ClInclude>
    <ClInclude Include="src\log.h">
      <Filter>Header Files</Filter>
    </ClInclude>
    <ClInclude Include="src\directions.h">
      <Filter>Header Files</Filter>
    </ClInclude>
    <ClInclude Include="src\chunk_mesh_construction_data.h">
      <Filter>Header Files</Filter>
    </ClInclude>
    <ClInclude Include="src\shader.h">
      <Filter>Header Files</Filter>
    </ClInclude>
    <ClInclude Include="src\file_util.h">
      <Filter>Header Files</Filter>
    </ClInclude>
    <ClInclude Include="src\texture.h">
      <Filter>Header Files</Filter>
    </ClInclude>
    <ClInclude Include="src\player.h">
      <Filter>Header Files</Filter>
    </ClInclude>
    <ClInclude Include="src\frustum.h">
      <Filter>Header Files</Filter>
    </ClInclude>
    <ClInclude Include="src\aabb.h">
      <Filter>Header Files</Filter>
    </ClInclude>
    <ClInclude Include="src\game.h">
      <Filter>Header Files</Filter>
    </ClInclude>
    <ClInclude Include="src\fps.h">
      <Filter>Header Files</Filter>
    </ClInclude>
    <ClInclude Include="src\settings.h">
      <Filter>Header Files</Filter>
    </ClInclude>
    <ClInclude Include="src\skybox.h">
      <Filter>Header Files</Filter>
    </ClInclude>
    <ClInclude Include="src\plane_mesh.h">
      <Filter>Header Files</Filter>
    </ClInclude>
    <ClInclude Include="src\bounding_box.h">
      <Filter>Header Files</Filter>
    </ClInclude>
    <ClInclude Include="src\texture_array.h">
      <Filter>Header Files</Filter>
    </ClInclude>
    <ClInclude Include="src\scope_timer.h">
      <Filter>Header Files</Filter>
    </ClInclude>
    <ClInclude Include="src\block_face_texture.h">
      <Filter>Header Files</Filter>
    </ClInclude>
    <ClInclude Include="src\compress.h">
      <Filter>Header Files</Filter>
    </ClInclude>
    <ClInclude Include="src\ogt_vox.h">
      <Filter>Header Files</Filter>
    </ClInclude>
    <ClInclude Include="src\abstract_level_generator.h">
      <Filter>Header Files</Filter>
    </ClInclude>
    <ClInclude Include="src\basic_terrain_generator.h">
      <Filter>Header Files</Filter>
    </ClInclude>
    <ClInclude Include="src\chunk_info.h">
      <Filter>Header Files</Filter>
    </ClInclude>
    <ClInclude Include="src\noise_generator_improved.h">
      <Filter>Header Files</Filter>
    </ClInclude>
    <ClInclude Include="src\noise_generator_octaves.h">
      <Filter>Header Files</Filter>
    </ClInclude>
    <ClInclude Include="src\chunk_unloaded_event_listener.h">
      <Filter>Header Files</Filter>
    </ClInclude>
    <ClInclude Include="src\fast_noise.h">
      <Filter>Header Files</Filter>
    </ClInclude>
    <ClInclude Include="src\chunk_renderer_container_provider.h">
      <Filter>Header Files</Filter>
    </ClInclude>
    <ClInclude Include="src\default_chunk_renderer_container_provider.h">
      <Filter>Header Files</Filter>
    </ClInclude>
    <ClInclude Include="src\chunk_section.h">
      <Filter>Header Files</Filter>
    </ClInclude>
    <ClInclude Include="src\chunk_primer.h">
      <Filter>Header Files</Filter>
    </ClInclude>
    <ClInclude Include="src\chunk_renderer_container.h">
      <Filter>Header Files</Filter>
    </ClInclude>
    <ClInclude Include="src\text_renderer.h">
      <Filter>Header Files</Filter>
    </ClInclude>
    <ClInclude Include="src\imgui_manager.h">
      <Filter>Header Files</Filter>
    </ClInclude>
    <ClInclude Include="src\imgui_impl_opengl3.h">
      <Filter>Header Files</Filter>
    </ClInclude>
    <ClInclude Include="src\scene.h">
      <Filter>Header Files</Filter>
    </ClInclude>
    <ClInclude Include="src\scene_manager.h">
      <Filter>Header Files</Filter>
    </ClInclude>
    <ClInclude Include="src\in_game_scene.h">
      <Filter>Header Files</Filter>
    </ClInclude>
    <ClInclude Include="src\imgui_impl_opengl3_loader.h">
      <Filter>Header Files</Filter>
    </ClInclude>
    <ClInclude Include="src\block_entity.h">
      <Filter>Header Files</Filter>
    </ClInclude>
    <ClInclude Include="src\byte_buffer.h">
      <Filter>Header Files</Filter>
    </ClInclude>
    <ClInclude Include="src\block_entity_test.h">
      <Filter>Header Files</Filter>
    </ClInclude>
    <ClInclude Include="src\chunk_data_pool.h">
      <Filter>Header Files</Filter>
    </ClInclude>
    <ClInclude Include="src\array_pool.h">
      <Filter>Header Files</Filter>
    </ClInclude>
    <ClInclude Include="src\mesh.h">
      <Filter>Header Files</Filter>
    </ClInclude>
    <ClInclude Include="src\gl_error_check.h">
      <Filter>Header Files</Filter>
    </ClInclude>
    <ClInclude Include="src\texture_atlas_stitcher.h">
      <Filter>Header Files</Filter>
    </ClInclude>
    <ClInclude Include="src\asset_manager.h">
      <Filter>Header Files</Filter>
    </ClInclude>
    <ClInclude Include="src\st_shared_ptr.h">
      <Filter>Header Files</Filter>
    </ClInclude>
    <ClInclude Include="src\framebuffer.h">
      <Filter>Header Files</Filter>
    </ClInclude>
    <ClInclude Include="src\renderer\default\default_render_pipeline.h">
      <Filter>Header Files</Filter>
    </ClInclude>
    <ClInclude Include="src\renderer\material.h">
      <Filter>Header Files</Filter>
    </ClInclude>
    <ClInclude Include="src\renderer\command\render_command.h">
      <Filter>Header Files</Filter>
    </ClInclude>
    <ClInclude Include="src\renderer\render_pass.h">
      <Filter>Header Files</Filter>
    </ClInclude>
    <ClInclude Include="src\renderer\render_pipeline.h">
      <Filter>Header Files</Filter>
    </ClInclude>
    <ClInclude Include="src\renderer\render_state.h">
      <Filter>Header Files</Filter>
    </ClInclude>
    <ClInclude Include="src\renderer\default\opaque_render_pass.h">
      <Filter>Header Files</Filter>
    </ClInclude>
    <ClInclude Include="src\assert.h">
      <Filter>Header Files</Filter>
    </ClInclude>
    <ClInclude Include="src\renderer\batched_render_pass.h">
      <Filter>Header Files</Filter>
    </ClInclude>
    <ClInclude Include="src\renderer\command\mesh_render_command.h">
      <Filter>Header Files</Filter>
    </ClInclude>
    <ClInclude Include="src\renderer\command\render_command_variant.h">
      <Filter>Header Files</Filter>
    </ClInclude>
    <ClInclude Include="src\renderer\render_command_pool.h">
      <Filter>Header Files</Filter>
    </ClInclude>
    <ClInclude Include="src\shader_preprocessor.h">
      <Filter>Header Files</Filter>
    </ClInclude>
    <ClInclude Include="src\block_texture_provider.h">
      <Filter>Header Files</Filter>
    </ClInclude>
    <ClInclude Include="src\default_block_texture_provider.h">
      <Filter>Header Files</Filter>
    </ClInclude>
    <ClInclude Include="src\opengl_debug.h">
      <Filter>Header Files</Filter>
    </ClInclude>
    <ClInclude Include="src\ssbo.h">
      <Filter>Header Files</Filter>
    </ClInclude>
    <ClInclude Include="src\gui\gui_element.h">
      <Filter>Header Files</Filter>
    </ClInclude>
    <ClInclude Include="src\gui\gui_panel_colored.h">
      <Filter>Header Files</Filter>
    </ClInclude>
    <ClInclude Include="src\gui\scaled_resolution.h">
      <Filter>Header Files</Filter>
    </ClInclude>
    <ClInclude Include="src\renderer\command\mesh_render_command_colored.h">
      <Filter>Header Files</Filter>
    </ClInclude>
    <ClInclude Include="src\renderer\depth_sorted_render_pass.h">
      <Filter>Header Files</Filter>
    </ClInclude>
    <ClInclude Include="src\renderer\default\translucent_render_pass.h">
      <Filter>Header Files</Filter>
    </ClInclude>
    <ClInclude Include="src\game_time.h">
      <Filter>Header Files</Filter>
    </ClInclude>
    <ClInclude Include="src\renderer\default\ssr_render_pass.h">
      <Filter>Header Files</Filter>
    </ClInclude>
    <ClInclude Include="src\renderer\frame_buffer_render_pass.h">
      <Filter>Header Files</Filter>
    </ClInclude>
    <ClInclude Include="src\block_provider.h">
      <Filter>Header Files</Filter>
    </ClInclude>
    <ClInclude Include="src\quadtree_node.h">
      <Filter>Header Files</Filter>
    </ClInclude>
    <ClInclude Include="src\quadtree_manager.h">
      <Filter>Header Files</Filter>
    </ClInclude>
  </ItemGroup>
  <ItemGroup>
    <None Include="vcpkg.json" />
    <None Include="vcpkg-configuration.json" />
    <None Include=".gitignore" />
    <None Include=".gitattributes" />
    <None Include="content\models\tree.vox" />
    <None Include="content\shaders\vertex\Billboard.vert" />
    <None Include="content\shaders\vertex\Chunk.vert" />
    <None Include="content\shaders\vertex\Plane.vert" />
    <None Include="content\shaders\vertex\ptcn.vert" />
    <None Include="content\shaders\vertex\Skybox.vert" />
    <None Include="content\shaders\vertex\Text.vert" />
    <None Include="content\shaders\fragment\Billboard.frag" />
    <None Include="content\shaders\fragment\Chunk.frag" />
    <None Include="content\shaders\fragment\Plane.frag" />
    <None Include="content\shaders\fragment\ptcn.frag" />
    <None Include="content\shaders\fragment\Skybox.frag" />
    <None Include="content\shaders\fragment\Text.frag" />
    <None Include="content\shaders\common\blinn_phong.glsl" />
    <None Include="content\shaders\fragment\ptcn_blinn_phong.frag" />
    <None Include="content\shaders\fragment\ptcn_blinn_phong_chunk.frag" />
    <None Include="content\shaders\vertex\pt.vert" />
    <None Include="content\shaders\fragment\pt_colored.frag" />
    <None Include="content\shaders\fragment\pt_textured.frag" />
    <None Include="content\shaders\fragment\ssr.frag" />
    <None Include="content\shaders\common\sky.glsl" />
    <None Include="content\shaders\common\clouds.glsl" />
    <None Include="content\shaders\common\waves.glsl" />
  </ItemGroup>
  <ItemGroup>
    <Image Include="C:\Users\GODDIDIDIIDID\Downloads\player.png">
      <Filter>Resource Files</Filter>
    </Image>
    <Image Include="content\images\back.jpg">
      <Filter>Resource Files</Filter>
    </Image>
    <Image Include="content\images\BlockAtlas.png">
      <Filter>Resource Files</Filter>
    </Image>
    <Image Include="content\images\bottom.jpg">
      <Filter>Resource Files</Filter>
    </Image>
    <Image Include="content\images\front.jpg">
      <Filter>Resource Files</Filter>
    </Image>
    <Image Include="content\images\left.jpg">
      <Filter>Resource Files</Filter>
    </Image>
    <Image Include="content\images\right.jpg">
      <Filter>Resource Files</Filter>
    </Image>
    <Image Include="content\images\skybox\back.png">
      <Filter>Resource Files</Filter>
    </Image>
    <Image Include="content\images\skybox\bottom.png">
      <Filter>Resource Files</Filter>
    </Image>
    <Image Include="content\images\skybox\front.png">
      <Filter>Resource Files</Filter>
    </Image>
    <Image Include="content\images\skybox\left.png">
      <Filter>Resource Files</Filter>
    </Image>
    <Image Include="content\images\skybox\right.png">
      <Filter>Resource Files</Filter>
    </Image>
    <Image Include="content\images\skybox\top.png">
      <Filter>Resource Files</Filter>
    </Image>
    <Image Include="content\images\Test.png">
      <Filter>Resource Files</Filter>
    </Image>
    <Image Include="content\images\top.jpg">
      <Filter>Resource Files</Filter>
    </Image>
    <Image Include="content\images\WaterBlock.png">
      <Filter>Resource Files</Filter>
    </Image>
  </ItemGroup>
  <ItemGroup>
    <Text Include="content\manifest.txt" />
  </ItemGroup>
</Project>